
Microsoft Visual Studio Solution File, Format Version 12.00
# Visual Studio Version 17
VisualStudioVersion = 17.14.36518.9 d17.14
MinimumVisualStudioVersion = 10.0.40219.1
Project("{FAE04EC0-301F-11D3-BF4B-00C04F79EFBC}") = "messaging_app", "messaging_app\messaging_app.csproj", "{252A71C1-3257-43D9-9EA5-46E59E2E2A73}"
EndProject
Global
	GlobalSection(SolutionConfigurationPlatforms) = preSolution
		Debug|Any CPU = Debug|Any CPU
		Release|Any CPU = Release|Any CPU
	EndGlobalSection
	GlobalSection(ProjectConfigurationPlatforms) = postSolution
		{252A71C1-3257-43D9-9EA5-46E59E2E2A73}.Debug|Any CPU.ActiveCfg = Debug|Any CPU
		{252A71C1-3257-43D9-9EA5-46E59E2E2A73}.Debug|Any CPU.Build.0 = Debug|Any CPU
		{252A71C1-3257-43D9-9EA5-46E59E2E2A73}.Release|Any CPU.ActiveCfg = Release|Any CPU
		{252A71C1-3257-43D9-9EA5-46E59E2E2A73}.Release|Any CPU.Build.0 = Release|Any CPU
	EndGlobalSection
	GlobalSection(SolutionProperties) = preSolution
		HideSolutionNode = FALSE
	EndGlobalSection
	GlobalSection(ExtensibilityGlobals) = postSolution
		SolutionGuid = {C36771E8-66EF-42E1-BC51-BEFC6D603A7A}
	EndGlobalSection
EndGlobal
